github.com/wowchemy/wowchemy-hugo-modules/wowchemy-cms/v5 v5.0.0-20220303202439-97a4b87534b0 h1:7r0MyfkvwVCLz8RC0/bSJ5n0bwOHx6yZMk9ENw7pubM=
github.com/wowchemy/wowchemy-hugo-modules/wowchemy-cms/v5 v5.0.0-20220303202439-97a4b87534b0/go.mod h1:Sp/AKo+2HAPi/IPHp1MEdKPmee+mzO5+efUBUPLPqPE=
github.com/wowchemy/wowchemy-hugo-modules/wowchemy/v5 v5.0.0-20220303202439-97a4b87534b0 h1:PM/4tjlzG+0RHsVdCDwAmPTBmUuu0RwWehAO/GMA1Ow=
github.com/wowchemy/wowchemy-hugo-modules/wowchemy/v5 v5.0.0-20220303202439-97a4b87534b0/go.mod h1:2iL9rdrUYyJXX2BeHKfK+QbqZlubCsaR60nQ87NRQTY=
